
Microsoft Visual Studio Solution File, Format Version 12.00
# Visual Studio Version 17
VisualStudioVersion = 17.14.36518.9 d17.14
MinimumVisualStudioVersion = 10.0.40219.1
Project("{FAE04EC0-301F-11D3-BF4B-00C04F79EFBC}") = "GymManagementPL", "GymManagementPL\GymManagementPL.csproj", "{53FA5370-5991-4EF6-B5A8-4A7493A88F54}"
EndProject
Project("{FAE04EC0-301F-11D3-BF4B-00C04F79EFBC}") = "GymManagementDAL", "GymManagementDAL\GymManagementDAL.csproj", "{62DCE8D9-A75B-4976-9EF7-60BD7F43A952}"
EndProject
Project("{FAE04EC0-301F-11D3-BF4B-00C04F79EFBC}") = "GymManagementBLL", "GymManagementBLL\GymManagementBLL.csproj", "{F743D8CB-A32E-4540-94D5-D776708C62EA}"
EndProject
Global
	GlobalSection(SolutionConfigurationPlatforms) = preSolution
		Debug|Any CPU = Debug|Any CPU
		Release|Any CPU = Release|Any CPU
	EndGlobalSection
	GlobalSection(ProjectConfigurationPlatforms) = postSolution
		{53FA5370-5991-4EF6-B5A8-4A7493A88F54}.Debug|Any CPU.ActiveCfg = Debug|Any CPU
		{53FA5370-5991-4EF6-B5A8-4A7493A88F54}.Debug|Any CPU.Build.0 = Debug|Any CPU
		{53FA5370-5991-4EF6-B5A8-4A7493A88F54}.Release|Any CPU.ActiveCfg = Release|Any CPU
		{53FA5370-5991-4EF6-B5A8-4A7493A88F54}.Release|Any CPU.Build.0 = Release|Any CPU
		{62DCE8D9-A75B-4976-9EF7-60BD7F43A952}.Debug|Any CPU.ActiveCfg = Debug|Any CPU
		{62DCE8D9-A75B-4976-9EF7-60BD7F43A952}.Debug|Any CPU.Build.0 = Debug|Any CPU
		{62DCE8D9-A75B-4976-9EF7-60BD7F43A952}.Release|Any CPU.ActiveCfg = Release|Any CPU
		{62DCE8D9-A75B-4976-9EF7-60BD7F43A952}.Release|Any CPU.Build.0 = Release|Any CPU
		{F743D8CB-A32E-4540-94D5-D776708C62EA}.Debug|Any CPU.ActiveCfg = Debug|Any CPU
		{F743D8CB-A32E-4540-94D5-D776708C62EA}.Debug|Any CPU.Build.0 = Debug|Any CPU
		{F743D8CB-A32E-4540-94D5-D776708C62EA}.Release|Any CPU.ActiveCfg = Release|Any CPU
		{F743D8CB-A32E-4540-94D5-D776708C62EA}.Release|Any CPU.Build.0 = Release|Any CPU
	EndGlobalSection
	GlobalSection(SolutionProperties) = preSolution
		HideSolutionNode = FALSE
	EndGlobalSection
	GlobalSection(ExtensibilityGlobals) = postSolution
		SolutionGuid = {179A9495-C6F6-493E-B888-5022C30A28EC}
	EndGlobalSection
EndGlobal
